{
  "name": "app",
  "lockfileVersion": 2,
  "requires": true,
  "packages": {
    "": {
      "dependencies": {
        "@headlessui/react": "^1.5.0",
        "@heroicons/react": "^1.0.5",
        "graphql-upload": "^15.0.1",
        "nodemailer": "^6.7.3"
      },
      "devDependencies": {
        "@types/nodemailer": "^6.4.4"
      }
    },
    "node_modules/@headlessui/react": {
      "version": "1.5.0",
      "resolved": "https://registry.npmjs.org/@headlessui/react/-/react-1.5.0.tgz",
      "integrity": "sha512-aaRnYxBb3MU2FNJf3Ut9RMTUqqU3as0aI1lQhgo2n9Fa67wRu14iOGqx93xB+uMNVfNwZ5B3y/Ndm7qZGuFeMQ==",
      "engines": {
        "node": ">=10"
      },
      "peerDependencies": {
        "react": "^16 || ^17 || ^18",
        "react-dom": "^16 || ^17 || ^18"
      }
    },
    "node_modules/@heroicons/react": {
      "version": "1.0.5",
      "resolved": "https://registry.npmjs.org/@heroicons/react/-/react-1.0.5.tgz",
      "integrity": "sha512-UDMyLM2KavIu2vlWfMspapw9yii7aoLwzI2Hudx4fyoPwfKfxU8r3cL8dEBXOjcLG0/oOONZzbT14M1HoNtEcg==",
      "peerDependencies": {
        "react": ">= 16"
      }
    },
    "node_modules/@types/busboy": {
      "version": "1.5.0",
      "resolved": "https://registry.npmjs.org/@types/busboy/-/busboy-1.5.0.tgz",
      "integrity": "sha512-ncOOhwmyFDW76c/Tuvv9MA9VGYUCn8blzyWmzYELcNGDb0WXWLSmFi7hJq25YdRBYJrmMBB5jZZwUjlJe9HCjQ==",
      "dependencies": {
        "@types/node": "*"
      }
    },
    "node_modules/@types/node": {
      "version": "17.0.23",
      "resolved": "https://registry.npmjs.org/@types/node/-/node-17.0.23.tgz",
      "integrity": "sha512-UxDxWn7dl97rKVeVS61vErvw086aCYhDLyvRQZ5Rk65rZKepaFdm53GeqXaKBuOhED4e9uWq34IC3TdSdJJ2Gw=="
    },
    "node_modules/@types/nodemailer": {
      "version": "6.4.4",
      "resolved": "https://registry.npmjs.org/@types/nodemailer/-/nodemailer-6.4.4.tgz",
      "integrity": "sha512-Ksw4t7iliXeYGvIQcSIgWQ5BLuC/mljIEbjf615svhZL10PE9t+ei8O9gDaD3FPCasUJn9KTLwz2JFJyiiyuqw==",
      "dev": true,
      "dependencies": {
        "@types/node": "*"
      }
    },
    "node_modules/@types/object-path": {
      "version": "0.11.1",
      "resolved": "https://registry.npmjs.org/@types/object-path/-/object-path-0.11.1.tgz",
      "integrity": "sha512-219LSCO9HPcoXcRTC6DbCs0FRhZgBnEMzf16RRqkT40WbkKx3mOeQuz3e2XqbfhOz/AHfbru0kzB1n1RCAsIIg=="
    },
    "node_modules/busboy": {
      "version": "1.6.0",
      "resolved": "https://registry.npmjs.org/busboy/-/busboy-1.6.0.tgz",
      "integrity": "sha512-8SFQbg/0hQ9xy3UNTB0YEnsNBbWfhf7RtnzpL7TkBiTBRfrQ9Fxcnz7VJsleJpyp6rVLvXiuORqjlHi5q+PYuA==",
      "dependencies": {
        "streamsearch": "^1.1.0"
      },
      "engines": {
        "node": ">=10.16.0"
      }
    },
    "node_modules/depd": {
      "version": "2.0.0",
      "resolved": "https://registry.npmjs.org/depd/-/depd-2.0.0.tgz",
      "integrity": "sha512-g7nH6P6dyDioJogAAGprGpCtVImJhpPk/roCzdb3fIh61/s/nPsfR6onyMwkCAR/OlC3yBC0lESvUoQEAssIrw==",
      "engines": {
        "node": ">= 0.8"
      }
    },
    "node_modules/fs-capacitor": {
      "version": "6.2.0",
      "resolved": "https://registry.npmjs.org/fs-capacitor/-/fs-capacitor-6.2.0.tgz",
      "integrity": "sha512-nKcE1UduoSKX27NSZlg879LdQc94OtbOsEmKMN2MBNudXREvijRKx2GEBsTMTfws+BrbkJoEuynbGSVRSpauvw==",
      "engines": {
        "node": ">=10"
      }
    },
    "node_modules/graphql": {
      "version": "16.5.0",
      "resolved": "https://registry.npmjs.org/graphql/-/graphql-16.5.0.tgz",
      "integrity": "sha512-qbHgh8Ix+j/qY+a/ZcJnFQ+j8ezakqPiHwPiZhV/3PgGlgf96QMBB5/f2rkiC9sgLoy/xvT6TSiaf2nTHJh5iA==",
      "peer": true,
      "engines": {
        "node": "^12.22.0 || ^14.16.0 || ^16.0.0 || >=17.0.0"
      }
    },
    "node_modules/graphql-upload": {
      "version": "15.0.1",
      "resolved": "https://registry.npmjs.org/graphql-upload/-/graphql-upload-15.0.1.tgz",
      "integrity": "sha512-5ZbrNafgwQL8MsfEIc7ii2uX+HttE+ToyUWcBSw4Rqh+LbqYTiBaaF4emBfk5LEgwCYWI9j/RLYQzbCAOatKmg==",
      "dependencies": {
        "@types/busboy": "^1.5.0",
        "@types/node": "*",
        "@types/object-path": "^0.11.1",
        "busboy": "^1.6.0",
        "fs-capacitor": "^6.2.0",
        "http-errors": "^2.0.0",
        "object-path": "^0.11.8"
      },
      "engines": {
        "node": "^14.17.0 || ^16.0.0 || >= 18.0.0"
      },
      "funding": {
        "url": "https://github.com/sponsors/jaydenseric"
      },
      "peerDependencies": {
        "@types/express": "^4.0.29",
        "@types/koa": "^2.11.4",
        "graphql": "^16.3.0"
      },
      "peerDependenciesMeta": {
        "@types/express": {
          "optional": true
        },
        "@types/koa": {
          "optional": true
        }
      }
    },
    "node_modules/http-errors": {
      "version": "2.0.0",
      "resolved": "https://registry.npmjs.org/http-errors/-/http-errors-2.0.0.tgz",
      "integrity": "sha512-FtwrG/euBzaEjYeRqOgly7G0qviiXoJWnvEH2Z1plBdXgbyjv34pHTSb9zoeHMyDy33+DWy5Wt9Wo+TURtOYSQ==",
      "dependencies": {
        "depd": "2.0.0",
        "inherits": "2.0.4",
        "setprototypeof": "1.2.0",
        "statuses": "2.0.1",
        "toidentifier": "1.0.1"
      },
      "engines": {
        "node": ">= 0.8"
      }
    },
    "node_modules/inherits": {
      "version": "2.0.4",
      "resolved": "https://registry.npmjs.org/inherits/-/inherits-2.0.4.tgz",
      "integrity": "sha512-k/vGaX4/Yla3WzyMCvTQOXYeIHvqOKtnqBduzTHpzpQZzAskKMhZ2K+EnBiSM9zGSoIFeMpXKxa4dYeZIQqewQ=="
    },
    "node_modules/js-tokens": {
      "version": "4.0.0",
      "resolved": "https://registry.npmjs.org/js-tokens/-/js-tokens-4.0.0.tgz",
      "integrity": "sha512-RdJUflcE3cUzKiMqQgsCu06FPu9UdIJO0beYbPhHN4k6apgJtifcoCtT9bcxOpYBtpD2kCM6Sbzg4CausW/PKQ==",
      "peer": true
    },
    "node_modules/loose-envify": {
      "version": "1.4.0",
      "resolved": "https://registry.npmjs.org/loose-envify/-/loose-envify-1.4.0.tgz",
      "integrity": "sha512-lyuxPGr/Wfhrlem2CL/UcnUc1zcqKAImBDzukY7Y5F/yQiNdko6+fRLevlw1HgMySw7f611UIY408EtxRSoK3Q==",
      "peer": true,
      "dependencies": {
        "js-tokens": "^3.0.0 || ^4.0.0"
      },
      "bin": {
        "loose-envify": "cli.js"
      }
    },
    "node_modules/nodemailer": {
      "version": "6.7.3",
      "resolved": "https://registry.npmjs.org/nodemailer/-/nodemailer-6.7.3.tgz",
      "integrity": "sha512-KUdDsspqx89sD4UUyUKzdlUOper3hRkDVkrKh/89G+d9WKsU5ox51NWS4tB1XR5dPUdR4SP0E3molyEfOvSa3g==",
      "engines": {
        "node": ">=6.0.0"
      }
    },
    "node_modules/object-assign": {
      "version": "4.1.1",
      "resolved": "https://registry.npmjs.org/object-assign/-/object-assign-4.1.1.tgz",
      "integrity": "sha1-IQmtx5ZYh8/AXLvUQsrIv7s2CGM=",
      "peer": true,
      "engines": {
        "node": ">=0.10.0"
      }
    },
    "node_modules/object-path": {
      "version": "0.11.8",
      "resolved": "https://registry.npmjs.org/object-path/-/object-path-0.11.8.tgz",
      "integrity": "sha512-YJjNZrlXJFM42wTBn6zgOJVar9KFJvzx6sTWDte8sWZF//cnjl0BxHNpfZx+ZffXX63A9q0b1zsFiBX4g4X5KA==",
      "engines": {
        "node": ">= 10.12.0"
      }
    },
    "node_modules/react": {
      "version": "17.0.2",
      "resolved": "https://registry.npmjs.org/react/-/react-17.0.2.tgz",
      "integrity": "sha512-gnhPt75i/dq/z3/6q/0asP78D0u592D5L1pd7M8P+dck6Fu/jJeL6iVVK23fptSUZj8Vjf++7wXA8UNclGQcbA==",
      "peer": true,
      "dependencies": {
        "loose-envify": "^1.1.0",
        "object-assign": "^4.1.1"
      },
      "engines": {
        "node": ">=0.10.0"
      }
    },
    "node_modules/react-dom": {
      "version": "17.0.2",
      "resolved": "https://registry.npmjs.org/react-dom/-/react-dom-17.0.2.tgz",
      "integrity": "sha512-s4h96KtLDUQlsENhMn1ar8t2bEa+q/YAtj8pPPdIjPDGBDIVNsrD9aXNWqspUe6AzKCIG0C1HZZLqLV7qpOBGA==",
      "peer": true,
      "dependencies": {
        "loose-envify": "^1.1.0",
        "object-assign": "^4.1.1",
        "scheduler": "^0.20.2"
      },
      "peerDependencies": {
        "react": "17.0.2"
      }
    },
    "node_modules/scheduler": {
      "version": "0.20.2",
      "resolved": "https://registry.npmjs.org/scheduler/-/scheduler-0.20.2.tgz",
      "integrity": "sha512-2eWfGgAqqWFGqtdMmcL5zCMK1U8KlXv8SQFGglL3CEtd0aDVDWgeF/YoCmvln55m5zSk3J/20hTaSBeSObsQDQ==",
      "peer": true,
      "dependencies": {
        "loose-envify": "^1.1.0",
        "object-assign": "^4.1.1"
      }
    },
    "node_modules/setprototypeof": {
      "version": "1.2.0",
      "resolved": "https://registry.npmjs.org/setprototypeof/-/setprototypeof-1.2.0.tgz",
      "integrity": "sha512-E5LDX7Wrp85Kil5bhZv46j8jOeboKq5JMmYM3gVGdGH8xFpPWXUMsNrlODCrkoxMEeNi/XZIwuRvY4XNwYMJpw=="
    },
    "node_modules/statuses": {
      "version": "2.0.1",
      "resolved": "https://registry.npmjs.org/statuses/-/statuses-2.0.1.tgz",
      "integrity": "sha512-RwNA9Z/7PrK06rYLIzFMlaF+l73iwpzsqRIFgbMLbTcLD6cOao82TaWefPXQvB2fOC4AjuYSEndS7N/mTCbkdQ==",
      "engines": {
        "node": ">= 0.8"
      }
    },
    "node_modules/streamsearch": {
      "version": "1.1.0",
      "resolved": "https://registry.npmjs.org/streamsearch/-/streamsearch-1.1.0.tgz",
      "integrity": "sha512-Mcc5wHehp9aXz1ax6bZUyY5afg9u2rv5cqQI3mRrYkGC8rW2hM02jWuwjtL++LS5qinSyhj2QfLyNsuc+VsExg==",
      "engines": {
        "node": ">=10.0.0"
      }
    },
    "node_modules/toidentifier": {
      "version": "1.0.1",
      "resolved": "https://registry.npmjs.org/toidentifier/-/toidentifier-1.0.1.tgz",
      "integrity": "sha512-o5sSPKEkg/DIQNmH43V0/uerLrpzVedkUh8tGNvaeXpfpuwjKenlSox/2O/BTlZUtEe+JG7s5YhEz608PlAHRA==",
      "engines": {
        "node": ">=0.6"
      }
    }
  },
  "dependencies": {
    "@headlessui/react": {
      "version": "1.5.0",
      "resolved": "https://registry.npmjs.org/@headlessui/react/-/react-1.5.0.tgz",
      "integrity": "sha512-aaRnYxBb3MU2FNJf3Ut9RMTUqqU3as0aI1lQhgo2n9Fa67wRu14iOGqx93xB+uMNVfNwZ5B3y/Ndm7qZGuFeMQ==",
      "requires": {}
    },
    "@heroicons/react": {
      "version": "1.0.5",
      "resolved": "https://registry.npmjs.org/@heroicons/react/-/react-1.0.5.tgz",
      "integrity": "sha512-UDMyLM2KavIu2vlWfMspapw9yii7aoLwzI2Hudx4fyoPwfKfxU8r3cL8dEBXOjcLG0/oOONZzbT14M1HoNtEcg==",
      "requires": {}
    },
    "@types/busboy": {
      "version": "1.5.0",
      "resolved": "https://registry.npmjs.org/@types/busboy/-/busboy-1.5.0.tgz",
      "integrity": "sha512-ncOOhwmyFDW76c/Tuvv9MA9VGYUCn8blzyWmzYELcNGDb0WXWLSmFi7hJq25YdRBYJrmMBB5jZZwUjlJe9HCjQ==",
      "requires": {
        "@types/node": "*"
      }
    },
    "@types/node": {
      "version": "17.0.23",
      "resolved": "https://registry.npmjs.org/@types/node/-/node-17.0.23.tgz",
      "integrity": "sha512-UxDxWn7dl97rKVeVS61vErvw086aCYhDLyvRQZ5Rk65rZKepaFdm53GeqXaKBuOhED4e9uWq34IC3TdSdJJ2Gw=="
    },
    "@types/nodemailer": {
      "version": "6.4.4",
      "resolved": "https://registry.npmjs.org/@types/nodemailer/-/nodemailer-6.4.4.tgz",
      "integrity": "sha512-Ksw4t7iliXeYGvIQcSIgWQ5BLuC/mljIEbjf615svhZL10PE9t+ei8O9gDaD3FPCasUJn9KTLwz2JFJyiiyuqw==",
      "dev": true,
      "requires": {
        "@types/node": "*"
      }
    },
    "@types/object-path": {
      "version": "0.11.1",
      "resolved": "https://registry.npmjs.org/@types/object-path/-/object-path-0.11.1.tgz",
      "integrity": "sha512-219LSCO9HPcoXcRTC6DbCs0FRhZgBnEMzf16RRqkT40WbkKx3mOeQuz3e2XqbfhOz/AHfbru0kzB1n1RCAsIIg=="
    },
    "busboy": {
      "version": "1.6.0",
      "resolved": "https://registry.npmjs.org/busboy/-/busboy-1.6.0.tgz",
      "integrity": "sha512-8SFQbg/0hQ9xy3UNTB0YEnsNBbWfhf7RtnzpL7TkBiTBRfrQ9Fxcnz7VJsleJpyp6rVLvXiuORqjlHi5q+PYuA==",
      "requires": {
        "streamsearch": "^1.1.0"
      }
    },
    "depd": {
      "version": "2.0.0",
      "resolved": "https://registry.npmjs.org/depd/-/depd-2.0.0.tgz",
      "integrity": "sha512-g7nH6P6dyDioJogAAGprGpCtVImJhpPk/roCzdb3fIh61/s/nPsfR6onyMwkCAR/OlC3yBC0lESvUoQEAssIrw=="
    },
    "fs-capacitor": {
      "version": "6.2.0",
      "resolved": "https://registry.npmjs.org/fs-capacitor/-/fs-capacitor-6.2.0.tgz",
      "integrity": "sha512-nKcE1UduoSKX27NSZlg879LdQc94OtbOsEmKMN2MBNudXREvijRKx2GEBsTMTfws+BrbkJoEuynbGSVRSpauvw=="
    },
    "graphql": {
      "version": "16.5.0",
      "resolved": "https://registry.npmjs.org/graphql/-/graphql-16.5.0.tgz",
      "integrity": "sha512-qbHgh8Ix+j/qY+a/ZcJnFQ+j8ezakqPiHwPiZhV/3PgGlgf96QMBB5/f2rkiC9sgLoy/xvT6TSiaf2nTHJh5iA==",
      "peer": true
    },
    "graphql-upload": {
      "version": "15.0.1",
      "resolved": "https://registry.npmjs.org/graphql-upload/-/graphql-upload-15.0.1.tgz",
      "integrity": "sha512-5ZbrNafgwQL8MsfEIc7ii2uX+HttE+ToyUWcBSw4Rqh+LbqYTiBaaF4emBfk5LEgwCYWI9j/RLYQzbCAOatKmg==",
      "requires": {
        "@types/busboy": "^1.5.0",
        "@types/node": "*",
        "@types/object-path": "^0.11.1",
        "busboy": "^1.6.0",
        "fs-capacitor": "^6.2.0",
        "http-errors": "^2.0.0",
        "object-path": "^0.11.8"
      }
    },
    "http-errors": {
      "version": "2.0.0",
      "resolved": "https://registry.npmjs.org/http-errors/-/http-errors-2.0.0.tgz",
      "integrity": "sha512-FtwrG/euBzaEjYeRqOgly7G0qviiXoJWnvEH2Z1plBdXgbyjv34pHTSb9zoeHMyDy33+DWy5Wt9Wo+TURtOYSQ==",
      "requires": {
        "depd": "2.0.0",
        "inherits": "2.0.4",
        "setprototypeof": "1.2.0",
        "statuses": "2.0.1",
        "toidentifier": "1.0.1"
      }
    },
    "inherits": {
      "version": "2.0.4",
      "resolved": "https://registry.npmjs.org/inherits/-/inherits-2.0.4.tgz",
      "integrity": "sha512-k/vGaX4/Yla3WzyMCvTQOXYeIHvqOKtnqBduzTHpzpQZzAskKMhZ2K+EnBiSM9zGSoIFeMpXKxa4dYeZIQqewQ=="
    },
    "js-tokens": {
      "version": "4.0.0",
      "resolved": "https://registry.npmjs.org/js-tokens/-/js-tokens-4.0.0.tgz",
      "integrity": "sha512-RdJUflcE3cUzKiMqQgsCu06FPu9UdIJO0beYbPhHN4k6apgJtifcoCtT9bcxOpYBtpD2kCM6Sbzg4CausW/PKQ==",
      "peer": true
    },
    "loose-envify": {
      "version": "1.4.0",
      "resolved": "https://registry.npmjs.org/loose-envify/-/loose-envify-1.4.0.tgz",
      "integrity": "sha512-lyuxPGr/Wfhrlem2CL/UcnUc1zcqKAImBDzukY7Y5F/yQiNdko6+fRLevlw1HgMySw7f611UIY408EtxRSoK3Q==",
      "peer": true,
      "requires": {
        "js-tokens": "^3.0.0 || ^4.0.0"
      }
    },
    "nodemailer": {
      "version": "6.7.3",
      "resolved": "https://registry.npmjs.org/nodemailer/-/nodemailer-6.7.3.tgz",
      "integrity": "sha512-KUdDsspqx89sD4UUyUKzdlUOper3hRkDVkrKh/89G+d9WKsU5ox51NWS4tB1XR5dPUdR4SP0E3molyEfOvSa3g=="
    },
    "object-assign": {
      "version": "4.1.1",
      "resolved": "https://registry.npmjs.org/object-assign/-/object-assign-4.1.1.tgz",
      "integrity": "sha1-IQmtx5ZYh8/AXLvUQsrIv7s2CGM=",
      "peer": true
    },
    "object-path": {
      "version": "0.11.8",
      "resolved": "https://registry.npmjs.org/object-path/-/object-path-0.11.8.tgz",
      "integrity": "sha512-YJjNZrlXJFM42wTBn6zgOJVar9KFJvzx6sTWDte8sWZF//cnjl0BxHNpfZx+ZffXX63A9q0b1zsFiBX4g4X5KA=="
    },
    "react": {
      "version": "17.0.2",
      "resolved": "https://registry.npmjs.org/react/-/react-17.0.2.tgz",
      "integrity": "sha512-gnhPt75i/dq/z3/6q/0asP78D0u592D5L1pd7M8P+dck6Fu/jJeL6iVVK23fptSUZj8Vjf++7wXA8UNclGQcbA==",
      "peer": true,
      "requires": {
        "loose-envify": "^1.1.0",
        "object-assign": "^4.1.1"
      }
    },
    "react-dom": {
      "version": "17.0.2",
      "resolved": "https://registry.npmjs.org/react-dom/-/react-dom-17.0.2.tgz",
      "integrity": "sha512-s4h96KtLDUQlsENhMn1ar8t2bEa+q/YAtj8pPPdIjPDGBDIVNsrD9aXNWqspUe6AzKCIG0C1HZZLqLV7qpOBGA==",
      "peer": true,
      "requires": {
        "loose-envify": "^1.1.0",
        "object-assign": "^4.1.1",
        "scheduler": "^0.20.2"
      }
    },
    "scheduler": {
      "version": "0.20.2",
      "resolved": "https://registry.npmjs.org/scheduler/-/scheduler-0.20.2.tgz",
      "integrity": "sha512-2eWfGgAqqWFGqtdMmcL5zCMK1U8KlXv8SQFGglL3CEtd0aDVDWgeF/YoCmvln55m5zSk3J/20hTaSBeSObsQDQ==",
      "peer": true,
      "requires": {
        "loose-envify": "^1.1.0",
        "object-assign": "^4.1.1"
      }
    },
    "setprototypeof": {
      "version": "1.2.0",
      "resolved": "https://registry.npmjs.org/setprototypeof/-/setprototypeof-1.2.0.tgz",
      "integrity": "sha512-E5LDX7Wrp85Kil5bhZv46j8jOeboKq5JMmYM3gVGdGH8xFpPWXUMsNrlODCrkoxMEeNi/XZIwuRvY4XNwYMJpw=="
    },
    "statuses": {
      "version": "2.0.1",
      "resolved": "https://registry.npmjs.org/statuses/-/statuses-2.0.1.tgz",
      "integrity": "sha512-RwNA9Z/7PrK06rYLIzFMlaF+l73iwpzsqRIFgbMLbTcLD6cOao82TaWefPXQvB2fOC4AjuYSEndS7N/mTCbkdQ=="
    },
    "streamsearch": {
      "version": "1.1.0",
      "resolved": "https://registry.npmjs.org/streamsearch/-/streamsearch-1.1.0.tgz",
      "integrity": "sha512-Mcc5wHehp9aXz1ax6bZUyY5afg9u2rv5cqQI3mRrYkGC8rW2hM02jWuwjtL++LS5qinSyhj2QfLyNsuc+VsExg=="
    },
    "toidentifier": {
      "version": "1.0.1",
      "resolved": "https://registry.npmjs.org/toidentifier/-/toidentifier-1.0.1.tgz",
      "integrity": "sha512-o5sSPKEkg/DIQNmH43V0/uerLrpzVedkUh8tGNvaeXpfpuwjKenlSox/2O/BTlZUtEe+JG7s5YhEz608PlAHRA=="
    }
  }
}
